// !$*UTF8*$!
{
	archiveVersion = 1;
	classes = {
	};
	objectVersion = 55;
	objects = {

/* Begin PBXBuildFile section */
		323163C028804B7000D46127 /* AppDelegate.swift in Sources */ = {isa = PBXBuildFile; fileRef = 323163BF28804B7000D46127 /* AppDelegate.swift */; };
		323163C928804B7100D46127 /* Assets.xcassets in Resources */ = {isa = PBXBuildFile; fileRef = 323163C828804B7100D46127 /* Assets.xcassets */; };
		323163CC28804B7100D46127 /* LaunchScreen.storyboard in Resources */ = {isa = PBXBuildFile; fileRef = 323163CA28804B7100D46127 /* LaunchScreen.storyboard */; };
		323163D728804C0500D46127 /* Permissions in Frameworks */ = {isa = PBXBuildFile; productRef = 323163D628804C0500D46127 /* Permissions */; };
		323163DB28804C5600D46127 /* InformationView.swift in Sources */ = {isa = PBXBuildFile; fileRef = 323163DA28804C5600D46127 /* InformationView.swift */; };
		323163DE28804C8700D46127 /* UIKitHelpers in Frameworks */ = {isa = PBXBuildFile; productRef = 323163DD28804C8700D46127 /* UIKitHelpers */; };
		323163E028804CD300D46127 /* InformationViewModel.swift in Sources */ = {isa = PBXBuildFile; fileRef = 323163DF28804CD300D46127 /* InformationViewModel.swift */; };
		323163E328804D7600D46127 /* CameraViewController.swift in Sources */ = {isa = PBXBuildFile; fileRef = 323163E228804D7600D46127 /* CameraViewController.swift */; };
		323163E628804E6500D46127 /* HomeViewController.swift in Sources */ = {isa = PBXBuildFile; fileRef = 323163E528804E6500D46127 /* HomeViewController.swift */; };
		323163E828804E7200D46127 /* HomePresenter.swift in Sources */ = {isa = PBXBuildFile; fileRef = 323163E728804E7200D46127 /* HomePresenter.swift */; };
		323163EA28804E8B00D46127 /* HomeSection.swift in Sources */ = {isa = PBXBuildFile; fileRef = 323163E928804E8B00D46127 /* HomeSection.swift */; };
/* End PBXBuildFile section */

/* Begin PBXFileReference section */
		323163BC28804B7000D46127 /* PermissionsExampleApp.app */ = {isa = PBXFileReference; explicitFileType = wrapper.application; includeInIndex = 0; path = PermissionsExampleApp.app; sourceTree = BUILT_PRODUCTS_DIR; };
		323163BF28804B7000D46127 /* AppDelegate.swift */ = {isa = PBXFileReference; lastKnownFileType = sourcecode.swift; path = AppDelegate.swift; sourceTree = "<group>"; };
		323163C828804B7100D46127 /* Assets.xcassets */ = {isa = PBXFileReference; lastKnownFileType = folder.assetcatalog; path = Assets.xcassets; sourceTree = "<group>"; };
		323163CB28804B7100D46127 /* Base */ = {isa = PBXFileReference; lastKnownFileType = file.storyboard; name = Base; path = Base.lproj/LaunchScreen.storyboard; sourceTree = "<group>"; };
		323163CD28804B7100D46127 /* Info.plist */ = {isa = PBXFileReference; lastKnownFileType = text.plist.xml; path = Info.plist; sourceTree = "<group>"; };
		323163D428804BEE00D46127 /* Permissions */ = {isa = PBXFileReference; lastKnownFileType = wrapper; name = Permissions; path = ..; sourceTree = "<group>"; };
		323163DA28804C5600D46127 /* InformationView.swift */ = {isa = PBXFileReference; lastKnownFileType = sourcecode.swift; path = InformationView.swift; sourceTree = "<group>"; };
		323163DF28804CD300D46127 /* InformationViewModel.swift */ = {isa = PBXFileReference; lastKnownFileType = sourcecode.swift; path = InformationViewModel.swift; sourceTree = "<group>"; };
		323163E228804D7600D46127 /* CameraViewController.swift */ = {isa = PBXFileReference; lastKnownFileType = sourcecode.swift; path = CameraViewController.swift; sourceTree = "<group>"; };
		323163E528804E6500D46127 /* HomeViewController.swift */ = {isa = PBXFileReference; lastKnownFileType = sourcecode.swift; path = HomeViewController.swift; sourceTree = "<group>"; };
		323163E728804E7200D46127 /* HomePresenter.swift */ = {isa = PBXFileReference; lastKnownFileType = sourcecode.swift; path = HomePresenter.swift; sourceTree = "<group>"; };
		323163E928804E8B00D46127 /* HomeSection.swift */ = {isa = PBXFileReference; lastKnownFileType = sourcecode.swift; path = HomeSection.swift; sourceTree = "<group>"; };
/* End PBXFileReference section */

/* Begin PBXFrameworksBuildPhase section */
		323163B928804B7000D46127 /* Frameworks */ = {
			isa = PBXFrameworksBuildPhase;
			buildActionMask = 2147483647;
			files = (
				323163D728804C0500D46127 /* Permissions in Frameworks */,
				323163DE28804C8700D46127 /* UIKitHelpers in Frameworks */,
			);
			runOnlyForDeploymentPostprocessing = 0;
		};
/* End PBXFrameworksBuildPhase section */

/* Begin PBXGroup section */
		323163B328804B7000D46127 = {
			isa = PBXGroup;
			children = (
				323163D328804BEE00D46127 /* Packages */,
				323163BE28804B7000D46127 /* PermissionsExampleApp */,
				323163BD28804B7000D46127 /* Products */,
				323163D528804C0500D46127 /* Frameworks */,
			);
			sourceTree = "<group>";
		};
		323163BD28804B7000D46127 /* Products */ = {
			isa = PBXGroup;
			children = (
				323163BC28804B7000D46127 /* PermissionsExampleApp.app */,
			);
			name = Products;
			sourceTree = "<group>";
		};
		323163BE28804B7000D46127 /* PermissionsExampleApp */ = {
			isa = PBXGroup;
			children = (
				323163D828804C3700D46127 /* Presentation */,
				323163BF28804B7000D46127 /* AppDelegate.swift */,
				323163C828804B7100D46127 /* Assets.xcassets */,
				323163CA28804B7100D46127 /* LaunchScreen.storyboard */,
				323163CD28804B7100D46127 /* Info.plist */,
			);
			path = PermissionsExampleApp;
			sourceTree = "<group>";
		};
		323163D328804BEE00D46127 /* Packages */ = {
			isa = PBXGroup;
			children = (
				323163D428804BEE00D46127 /* Permissions */,
			);
			name = Packages;
			sourceTree = "<group>";
		};
		323163D528804C0500D46127 /* Frameworks */ = {
			isa = PBXGroup;
			children = (
			);
			name = Frameworks;
			sourceTree = "<group>";
		};
		323163D828804C3700D46127 /* Presentation */ = {
			isa = PBXGroup;
			children = (
				323163E428804E5A00D46127 /* Home */,
				323163E128804D6500D46127 /* Camera */,
				323163D928804C3D00D46127 /* InformationView */,
			);
			path = Presentation;
			sourceTree = "<group>";
		};
		323163D928804C3D00D46127 /* InformationView */ = {
			isa = PBXGroup;
			children = (
				323163DA28804C5600D46127 /* InformationView.swift */,
				323163DF28804CD300D46127 /* InformationViewModel.swift */,
			);
			path = InformationView;
			sourceTree = "<group>";
		};
		323163E128804D6500D46127 /* Camera */ = {
			isa = PBXGroup;
			children = (
				323163E228804D7600D46127 /* CameraViewController.swift */,
			);
			path = Camera;
			sourceTree = "<group>";
		};
		323163E428804E5A00D46127 /* Home */ = {
			isa = PBXGroup;
			children = (
				323163E528804E6500D46127 /* HomeViewController.swift */,
				323163E728804E7200D46127 /* HomePresenter.swift */,
				323163E928804E8B00D46127 /* HomeSection.swift */,
			);
			path = Home;
			sourceTree = "<group>";
		};
/* End PBXGroup section */

/* Begin PBXNativeTarget section */
		323163BB28804B7000D46127 /* PermissionsExampleApp */ = {
			isa = PBXNativeTarget;
			buildConfigurationList = 323163D028804B7100D46127 /* Build configuration list for PBXNativeTarget "PermissionsExampleApp" */;
			buildPhases = (
				323163B828804B7000D46127 /* Sources */,
				323163B928804B7000D46127 /* Frameworks */,
				323163BA28804B7000D46127 /* Resources */,
			);
			buildRules = (
			);
			dependencies = (
			);
			name = PermissionsExampleApp;
			packageProductDependencies = (
				323163D628804C0500D46127 /* Permissions */,
				323163DD28804C8700D46127 /* UIKitHelpers */,
			);
			productName = PermissionsExampleApp;
			productReference = 323163BC28804B7000D46127 /* PermissionsExampleApp.app */;
			productType = "com.apple.product-type.application";
		};
/* End PBXNativeTarget section */

/* Begin PBXProject section */
		323163B428804B7000D46127 /* Project object */ = {
			isa = PBXProject;
			attributes = {
				BuildIndependentTargetsInParallel = 1;
				LastSwiftUpdateCheck = 1340;
				LastUpgradeCheck = 1340;
				TargetAttributes = {
					323163BB28804B7000D46127 = {
						CreatedOnToolsVersion = 13.4.1;
					};
				};
			};
			buildConfigurationList = 323163B728804B7000D46127 /* Build configuration list for PBXProject "PermissionsExampleApp" */;
			compatibilityVersion = "Xcode 13.0";
			developmentRegion = en;
			hasScannedForEncodings = 0;
			knownRegions = (
				en,
				Base,
			);
			mainGroup = 323163B328804B7000D46127;
			packageReferences = (
				323163DC28804C8700D46127 /* XCRemoteSwiftPackageReference "UIKitHelpers" */,
			);
			productRefGroup = 323163BD28804B7000D46127 /* Products */;
			projectDirPath = "";
			projectRoot = "";
			targets = (
				323163BB28804B7000D46127 /* PermissionsExampleApp */,
			);
		};
/* End PBXProject section */

/* Begin PBXResourcesBuildPhase section */
		323163BA28804B7000D46127 /* Resources */ = {
			isa = PBXResourcesBuildPhase;
			buildActionMask = 2147483647;
			files = (
				323163CC28804B7100D46127 /* LaunchScreen.storyboard in Resources */,
				323163C928804B7100D46127 /* Assets.xcassets in Resources */,
			);
			runOnlyForDeploymentPostprocessing = 0;
		};
/* End PBXResourcesBuildPhase section */

/* Begin PBXSourcesBuildPhase section */
		323163B828804B7000D46127 /* Sources */ = {
			isa = PBXSourcesBuildPhase;
			buildActionMask = 2147483647;
			files = (
				323163E828804E7200D46127 /* HomePresenter.swift in Sources */,
				323163DB28804C5600D46127 /* InformationView.swift in Sources */,
				323163EA28804E8B00D46127 /* HomeSection.swift in Sources */,
				323163E328804D7600D46127 /* CameraViewController.swift in Sources */,
				323163C028804B7000D46127 /* AppDelegate.swift in Sources */,
				323163E028804CD300D46127 /* InformationViewModel.swift in Sources */,
				323163E628804E6500D46127 /* HomeViewController.swift in Sources */,
			);
			runOnlyForDeploymentPostprocessing = 0;
		};
/* End PBXSourcesBuildPhase section */

/* Begin PBXVariantGroup section */
		323163CA28804B7100D46127 /* LaunchScreen.storyboard */ = {
			isa = PBXVariantGroup;
			children = (
				323163CB28804B7100D46127 /* Base */,
			);
			name = LaunchScreen.storyboard;
			sourceTree = "<group>";
		};
/* End PBXVariantGroup section */

/* Begin XCBuildConfiguration section */
		323163CE28804B7100D46127 /* Debug */ = {
			isa = XCBuildConfiguration;
			buildSettings = {
				ALWAYS_SEARCH_USER_PATHS = NO;
				CLANG_ANALYZER_NONNULL = YES;
				CLANG_ANALYZER_NUMBER_OBJECT_CONVERSION = YES_AGGRESSIVE;
				CLANG_CXX_LANGUAGE_STANDARD = "gnu++17";
				CLANG_ENABLE_MODULES = YES;
				CLANG_ENABLE_OBJC_ARC = YES;
				CLANG_ENABLE_OBJC_WEAK = YES;
				CLANG_WARN_BLOCK_CAPTURE_AUTORELEASING = YES;
				CLANG_WARN_BOOL_CONVERSION = YES;
				CLANG_WARN_COMMA = YES;
				CLANG_WARN_CONSTANT_CONVERSION = YES;
				CLANG_WARN_DEPRECATED_OBJC_IMPLEMENTATIONS = YES;
				CLANG_WARN_DIRECT_OBJC_ISA_USAGE = YES_ERROR;
				CLANG_WARN_DOCUMENTATION_COMMENTS = YES;
				CLANG_WARN_EMPTY_BODY = YES;
				CLANG_WARN_ENUM_CONVERSION = YES;
				CLANG_WARN_INFINITE_RECURSION = YES;
				CLANG_WARN_INT_CONVERSION = YES;
				CLANG_WARN_NON_LITERAL_NULL_CONVERSION = YES;
				CLANG_WARN_OBJC_IMPLICIT_RETAIN_SELF = YES;
				CLANG_WARN_OBJC_LITERAL_CONVERSION = YES;
				CLANG_WARN_OBJC_ROOT_CLASS = YES_ERROR;
				CLANG_WARN_QUOTED_INCLUDE_IN_FRAMEWORK_HEADER = YES;
				CLANG_WARN_RANGE_LOOP_ANALYSIS = YES;
				CLANG_WARN_STRICT_PROTOTYPES = YES;
				CLANG_WARN_SUSPICIOUS_MOVE = YES;
				CLANG_WARN_UNGUARDED_AVAILABILITY = YES_AGGRESSIVE;
				CLANG_WARN_UNREACHABLE_CODE = YES;
				CLANG_WARN__DUPLICATE_METHOD_MATCH = YES;
				COPY_PHASE_STRIP = NO;
				DEBUG_INFORMATION_FORMAT = dwarf;
				ENABLE_STRICT_OBJC_MSGSEND = YES;
				ENABLE_TESTABILITY = YES;
				GCC_C_LANGUAGE_STANDARD = gnu11;
				GCC_DYNAMIC_NO_PIC = NO;
				GCC_NO_COMMON_BLOCKS = YES;
				GCC_OPTIMIZATION_LEVEL = 0;
				GCC_PREPROCESSOR_DEFINITIONS = (
					"DEBUG=1",
					"$(inherited)",
				);
				GCC_WARN_64_TO_32_BIT_CONVERSION = YES;
				GCC_WARN_ABOUT_RETURN_TYPE = YES_ERROR;
				GCC_WARN_UNDECLARED_SELECTOR = YES;
				GCC_WARN_UNINITIALIZED_AUTOS = YES_AGGRESSIVE;
				GCC_WARN_UNUSED_FUNCTION = YES;
				GCC_WARN_UNUSED_VARIABLE = YES;
				IPHONEOS_DEPLOYMENT_TARGET = 15.5;
				MTL_ENABLE_DEBUG_INFO = INCLUDE_SOURCE;
				MTL_FAST_MATH = YES;
				ONLY_ACTIVE_ARCH = YES;
				SDKROOT = iphoneos;
				SWIFT_ACTIVE_COMPILATION_CONDITIONS = DEBUG;
				SWIFT_OPTIMIZATION_LEVEL = "-Onone";
			};
			name = Debug;
		};
		323163CF28804B7100D46127 /* Release */ = {
			isa = XCBuildConfiguration;
			buildSettings = {
				ALWAYS_SEARCH_USER_PATHS = NO;
				CLANG_ANALYZER_NONNULL = YES;
				CLANG_ANALYZER_NUMBER_OBJECT_CONVERSION = YES_AGGRESSIVE;
				CLANG_CXX_LANGUAGE_STANDARD = "gnu++17";
				CLANG_ENABLE_MODULES = YES;
				CLANG_ENABLE_OBJC_ARC = YES;
				CLANG_ENABLE_OBJC_WEAK = YES;
				CLANG_WARN_BLOCK_CAPTURE_AUTORELEASING = YES;
				CLANG_WARN_BOOL_CONVERSION = YES;
				CLANG_WARN_COMMA = YES;
				CLANG_WARN_CONSTANT_CONVERSION = YES;
				CLANG_WARN_DEPRECATED_OBJC_IMPLEMENTATIONS = YES;
				CLANG_WARN_DIRECT_OBJC_ISA_USAGE = YES_ERROR;
				CLANG_WARN_DOCUMENTATION_COMMENTS = YES;
				CLANG_WARN_EMPTY_BODY = YES;
				CLANG_WARN_ENUM_CONVERSION = YES;
				CLANG_WARN_INFINITE_RECURSION = YES;
				CLANG_WARN_INT_CONVERSION = YES;
				CLANG_WARN_NON_LITERAL_NULL_CONVERSION = YES;
				CLANG_WARN_OBJC_IMPLICIT_RETAIN_SELF = YES;
				CLANG_WARN_OBJC_LITERAL_CONVERSION = YES;
				CLANG_WARN_OBJC_ROOT_CLASS = YES_ERROR;
				CLANG_WARN_QUOTED_INCLUDE_IN_FRAMEWORK_HEADER = YES;
				CLANG_WARN_RANGE_LOOP_ANALYSIS = YES;
				CLANG_WARN_STRICT_PROTOTYPES = YES;
				CLANG_WARN_SUSPICIOUS_MOVE = YES;
				CLANG_WARN_UNGUARDED_AVAILABILITY = YES_AGGRESSIVE;
				CLANG_WARN_UNREACHABLE_CODE = YES;
				CLANG_WARN__DUPLICATE_METHOD_MATCH = YES;
				COPY_PHASE_STRIP = NO;
				DEBUG_INFORMATION_FORMAT = "dwarf-with-dsym";
				ENABLE_NS_ASSERTIONS = NO;
				ENABLE_STRICT_OBJC_MSGSEND = YES;
				GCC_C_LANGUAGE_STANDARD = gnu11;
				GCC_NO_COMMON_BLOCKS = YES;
				GCC_WARN_64_TO_32_BIT_CONVERSION = YES;
				GCC_WARN_ABOUT_RETURN_TYPE = YES_ERROR;
				GCC_WARN_UNDECLARED_SELECTOR = YES;
				GCC_WARN_UNINITIALIZED_AUTOS = YES_AGGRESSIVE;
				GCC_WARN_UNUSED_FUNCTION = YES;
				GCC_WARN_UNUSED_VARIABLE = YES;
				IPHONEOS_DEPLOYMENT_TARGET = 15.5;
				MTL_ENABLE_DEBUG_INFO = NO;
				MTL_FAST_MATH = YES;
				SDKROOT = iphoneos;
				SWIFT_COMPILATION_MODE = wholemodule;
				SWIFT_OPTIMIZATION_LEVEL = "-O";
				VALIDATE_PRODUCT = YES;
			};
			name = Release;
		};
		323163D128804B7100D46127 /* Debug */ = {
			isa = XCBuildConfiguration;
			buildSettings = {
				ASSETCATALOG_COMPILER_APPICON_NAME = AppIcon;
				ASSETCATALOG_COMPILER_GLOBAL_ACCENT_COLOR_NAME = AccentColor;
				CODE_SIGN_STYLE = Automatic;
				CURRENT_PROJECT_VERSION = 1;
				DEVELOPMENT_TEAM = QZFM89TWR4;
				GENERATE_INFOPLIST_FILE = YES;
				INFOPLIST_FILE = PermissionsExampleApp/Info.plist;
				INFOPLIST_KEY_NSCameraUsageDescription = "Provide access to the camera";
				INFOPLIST_KEY_UIApplicationSupportsIndirectInputEvents = YES;
				INFOPLIST_KEY_UILaunchStoryboardName = LaunchScreen;
				INFOPLIST_KEY_UISupportedInterfaceOrientations_iPad = "UIInterfaceOrientationPortrait UIInterfaceOrientationPortraitUpsideDown UIInterfaceOrientationLandscapeLeft UIInterfaceOrientationLandscapeRight";
				INFOPLIST_KEY_UISupportedInterfaceOrientations_iPhone = "UIInterfaceOrientationPortrait UIInterfaceOrientationLandscapeLeft UIInterfaceOrientationLandscapeRight";
				LD_RUNPATH_SEARCH_PATHS = (
					"$(inherited)",
					"@executable_path/Frameworks",
				);
				MARKETING_VERSION = 1.0;
				PRODUCT_BUNDLE_IDENTIFIER = mdb1.PermissionsExampleApp;
				PRODUCT_NAME = "$(TARGET_NAME)";
				SWIFT_EMIT_LOC_STRINGS = YES;
				SWIFT_VERSION = 5.0;
				TARGETED_DEVICE_FAMILY = "1,2";
			};
			name = Debug;
		};
		323163D228804B7100D46127 /* Release */ = {
			isa = XCBuildConfiguration;
			buildSettings = {
				ASSETCATALOG_COMPILER_APPICON_NAME = AppIcon;
				ASSETCATALOG_COMPILER_GLOBAL_ACCENT_COLOR_NAME = AccentColor;
				CODE_SIGN_STYLE = Automatic;
				CURRENT_PROJECT_VERSION = 1;
				DEVELOPMENT_TEAM = QZFM89TWR4;
				GENERATE_INFOPLIST_FILE = YES;
				INFOPLIST_FILE = PermissionsExampleApp/Info.plist;
				INFOPLIST_KEY_NSCameraUsageDescription = "Provide access to the camera";
				INFOPLIST_KEY_UIApplicationSupportsIndirectInputEvents = YES;
				INFOPLIST_KEY_UILaunchStoryboardName = LaunchScreen;
				INFOPLIST_KEY_UISupportedInterfaceOrientations_iPad = "UIInterfaceOrientationPortrait UIInterfaceOrientationPortraitUpsideDown UIInterfaceOrientationLandscapeLeft UIInterfaceOrientationLandscapeRight";
				INFOPLIST_KEY_UISupportedInterfaceOrientations_iPhone = "UIInterfaceOrientationPortrait UIInterfaceOrientationLandscapeLeft UIInterfaceOrientationLandscapeRight";
				LD_RUNPATH_SEARCH_PATHS = (
					"$(inherited)",
					"@executable_path/Frameworks",
				);
				MARKETING_VERSION = 1.0;
				PRODUCT_BUNDLE_IDENTIFIER = mdb1.PermissionsExampleApp;
				PRODUCT_NAME = "$(TARGET_NAME)";
				SWIFT_EMIT_LOC_STRINGS = YES;
				SWIFT_VERSION = 5.0;
				TARGETED_DEVICE_FAMILY = "1,2";
			};
			name = Release;
		};
/* End XCBuildConfiguration section */

/* Begin XCConfigurationList section */
		323163B728804B7000D46127 /* Build configuration list for PBXProject "PermissionsExampleApp" */ = {
			isa = XCConfigurationList;
			buildConfigurations = (
				323163CE28804B7100D46127 /* Debug */,
				323163CF28804B7100D46127 /* Release */,
			);
			defaultConfigurationIsVisible = 0;
			defaultConfigurationName = Release;
		};
		323163D028804B7100D46127 /* Build configuration list for PBXNativeTarget "PermissionsExampleApp" */ = {
			isa = XCConfigurationList;
			buildConfigurations = (
				323163D128804B7100D46127 /* Debug */,
				323163D228804B7100D46127 /* Release */,
			);
			defaultConfigurationIsVisible = 0;
			defaultConfigurationName = Release;
		};
/* End XCConfigurationList section */

/* Begin XCRemoteSwiftPackageReference section */
		323163DC28804C8700D46127 /* XCRemoteSwiftPackageReference "UIKitHelpers" */ = {
			isa = XCRemoteSwiftPackageReference;
			repositoryURL = "https://github.com/mdb1/UIKitHelpers";
			requirement = {
				kind = exactVersion;
				version = 0.0.1;
			};
		};
/* End XCRemoteSwiftPackageReference section */

/* Begin XCSwiftPackageProductDependency section */
		323163D628804C0500D46127 /* Permissions */ = {
			isa = XCSwiftPackageProductDependency;
			productName = Permissions;
		};
		323163DD28804C8700D46127 /* UIKitHelpers */ = {
			isa = XCSwiftPackageProductDependency;
			package = 323163DC28804C8700D46127 /* XCRemoteSwiftPackageReference "UIKitHelpers" */;
			productName = UIKitHelpers;
		};
/* End XCSwiftPackageProductDependency section */
	};
	rootObject = 323163B428804B7000D46127 /* Project object */;
}
